
Microsoft Visual Studio Solution File, Format Version 12.00
# Visual Studio 15
VisualStudioVersion = 15.0.28307.421
MinimumVisualStudioVersion = 10.0.40219.1
Project("{9A19103F-16F7-4668-BE54-9A1E7A4F7556}") = "TodoApi", "TodoApi\TodoApi.csproj", "{FD479AD4-F603-48AA-90D1-2411DD817C55}"
EndProject
Project("{9A19103F-16F7-4668-BE54-9A1E7A4F7556}") = "TodoApiIntegrationTest", "TodoApiIntegrationTest\TodoApiIntegrationTest.csproj", "{B7A975AD-3EAD-43A4-9433-E96AE61B6B23}"
EndProject
Project("{FAE04EC0-301F-11D3-BF4B-00C04F79EFBC}") = "NUnitIntegrationTest", "NUnitIntegrationTest\NUnitIntegrationTest.csproj", "{6989D47C-4254-439E-BECB-7D80B9A79AE0}"
EndProject
Global
	GlobalSection(SolutionConfigurationPlatforms) = preSolution
		Debug|Any CPU = Debug|Any CPU
		Release|Any CPU = Release|Any CPU
	EndGlobalSection
	GlobalSection(ProjectConfigurationPlatforms) = postSolution
		{FD479AD4-F603-48AA-90D1-2411DD817C55}.Debug|Any CPU.ActiveCfg = Debug|Any CPU
		{FD479AD4-F603-48AA-90D1-2411DD817C55}.Debug|Any CPU.Build.0 = Debug|Any CPU
		{FD479AD4-F603-48AA-90D1-2411DD817C55}.Release|Any CPU.ActiveCfg = Release|Any CPU
		{FD479AD4-F603-48AA-90D1-2411DD817C55}.Release|Any CPU.Build.0 = Release|Any CPU
		{B7A975AD-3EAD-43A4-9433-E96AE61B6B23}.Debug|Any CPU.ActiveCfg = Debug|Any CPU
		{B7A975AD-3EAD-43A4-9433-E96AE61B6B23}.Debug|Any CPU.Build.0 = Debug|Any CPU
		{B7A975AD-3EAD-43A4-9433-E96AE61B6B23}.Release|Any CPU.ActiveCfg = Release|Any CPU
		{B7A975AD-3EAD-43A4-9433-E96AE61B6B23}.Release|Any CPU.Build.0 = Release|Any CPU
		{6989D47C-4254-439E-BECB-7D80B9A79AE0}.Debug|Any CPU.ActiveCfg = Debug|Any CPU
		{6989D47C-4254-439E-BECB-7D80B9A79AE0}.Debug|Any CPU.Build.0 = Debug|Any CPU
		{6989D47C-4254-439E-BECB-7D80B9A79AE0}.Release|Any CPU.ActiveCfg = Release|Any CPU
		{6989D47C-4254-439E-BECB-7D80B9A79AE0}.Release|Any CPU.Build.0 = Release|Any CPU
	EndGlobalSection
	GlobalSection(SolutionProperties) = preSolution
		HideSolutionNode = FALSE
	EndGlobalSection
	GlobalSection(ExtensibilityGlobals) = postSolution
		SolutionGuid = {5974A40A-B2E0-47E9-A598-C1D5D0F25A2D}
	EndGlobalSection
EndGlobal
